// !$*UTF8*$!
{
	archiveVersion = 1;
	classes = {
	};
	objectVersion = 56;
	objects = {

/* Begin PBXBuildFile section */
		3C896B332B24520A003C2171 /* SwfitUIMultiPlatformApp.swift in Sources */ = {isa = PBXBuildFile; fileRef = 3C896B322B24520A003C2171 /* SwfitUIMultiPlatformApp.swift */; };
		3C896B352B24520A003C2171 /* ContentView.swift in Sources */ = {isa = PBXBuildFile; fileRef = 3C896B342B24520A003C2171 /* ContentView.swift */; };
		3C896B372B24520C003C2171 /* Assets.xcassets in Resources */ = {isa = PBXBuildFile; fileRef = 3C896B362B24520C003C2171 /* Assets.xcassets */; };
		3C896B3B2B24520C003C2171 /* Preview Assets.xcassets in Resources */ = {isa = PBXBuildFile; fileRef = 3C896B3A2B24520C003C2171 /* Preview Assets.xcassets */; };
		3C896B452B24520C003C2171 /* SwfitUIMultiPlatformTests.swift in Sources */ = {isa = PBXBuildFile; fileRef = 3C896B442B24520C003C2171 /* SwfitUIMultiPlatformTests.swift */; };
		3C896B4F2B24520C003C2171 /* SwfitUIMultiPlatformUITests.swift in Sources */ = {isa = PBXBuildFile; fileRef = 3C896B4E2B24520C003C2171 /* SwfitUIMultiPlatformUITests.swift */; };
		3C896B512B24520C003C2171 /* SwfitUIMultiPlatformUITestsLaunchTests.swift in Sources */ = {isa = PBXBuildFile; fileRef = 3C896B502B24520C003C2171 /* SwfitUIMultiPlatformUITestsLaunchTests.swift */; };
/* End PBXBuildFile section */

/* Begin PBXContainerItemProxy section */
		3C896B412B24520C003C2171 /* PBXContainerItemProxy */ = {
			isa = PBXContainerItemProxy;
			containerPortal = 3C896B272B24520A003C2171 /* Project object */;
			proxyType = 1;
			remoteGlobalIDString = 3C896B2E2B24520A003C2171;
			remoteInfo = SwfitUIMultiPlatform;
		};
		3C896B4B2B24520C003C2171 /* PBXContainerItemProxy */ = {
			isa = PBXContainerItemProxy;
			containerPortal = 3C896B272B24520A003C2171 /* Project object */;
			proxyType = 1;
			remoteGlobalIDString = 3C896B2E2B24520A003C2171;
			remoteInfo = SwfitUIMultiPlatform;
		};
/* End PBXContainerItemProxy section */

/* Begin PBXFileReference section */
		3C896B2F2B24520A003C2171 /* SwfitUIMultiPlatform.app */ = {isa = PBXFileReference; explicitFileType = wrapper.application; includeInIndex = 0; path = SwfitUIMultiPlatform.app; sourceTree = BUILT_PRODUCTS_DIR; };
		3C896B322B24520A003C2171 /* SwfitUIMultiPlatformApp.swift */ = {isa = PBXFileReference; lastKnownFileType = sourcecode.swift; path = SwfitUIMultiPlatformApp.swift; sourceTree = "<group>"; };
		3C896B342B24520A003C2171 /* ContentView.swift */ = {isa = PBXFileReference; lastKnownFileType = sourcecode.swift; path = ContentView.swift; sourceTree = "<group>"; };
		3C896B362B24520C003C2171 /* Assets.xcassets */ = {isa = PBXFileReference; lastKnownFileType = folder.assetcatalog; path = Assets.xcassets; sourceTree = "<group>"; };
		3C896B382B24520C003C2171 /* SwfitUIMultiPlatform.entitlements */ = {isa = PBXFileReference; lastKnownFileType = text.plist.entitlements; path = SwfitUIMultiPlatform.entitlements; sourceTree = "<group>"; };
		3C896B3A2B24520C003C2171 /* Preview Assets.xcassets */ = {isa = PBXFileReference; lastKnownFileType = folder.assetcatalog; path = "Preview Assets.xcassets"; sourceTree = "<group>"; };
		3C896B402B24520C003C2171 /* SwfitUIMultiPlatformTests.xctest */ = {isa = PBXFileReference; explicitFileType = wrapper.cfbundle; includeInIndex = 0; path = SwfitUIMultiPlatformTests.xctest; sourceTree = BUILT_PRODUCTS_DIR; };
		3C896B442B24520C003C2171 /* SwfitUIMultiPlatformTests.swift */ = {isa = PBXFileReference; lastKnownFileType = sourcecode.swift; path = SwfitUIMultiPlatformTests.swift; sourceTree = "<group>"; };
		3C896B4A2B24520C003C2171 /* SwfitUIMultiPlatformUITests.xctest */ = {isa = PBXFileReference; explicitFileType = wrapper.cfbundle; includeInIndex = 0; path = SwfitUIMultiPlatformUITests.xctest; sourceTree = BUILT_PRODUCTS_DIR; };
		3C896B4E2B24520C003C2171 /* SwfitUIMultiPlatformUITests.swift */ = {isa = PBXFileReference; lastKnownFileType = sourcecode.swift; path = SwfitUIMultiPlatformUITests.swift; sourceTree = "<group>"; };
		3C896B502B24520C003C2171 /* SwfitUIMultiPlatformUITestsLaunchTests.swift */ = {isa = PBXFileReference; lastKnownFileType = sourcecode.swift; path = SwfitUIMultiPlatformUITestsLaunchTests.swift; sourceTree = "<group>"; };
/* End PBXFileReference section */

/* Begin PBXFrameworksBuildPhase section */
		3C896B2C2B24520A003C2171 /* Frameworks */ = {
			isa = PBXFrameworksBuildPhase;
			buildActionMask = 2147483647;
			files = (
			);
			runOnlyForDeploymentPostprocessing = 0;
		};
		3C896B3D2B24520C003C2171 /* Frameworks */ = {
			isa = PBXFrameworksBuildPhase;
			buildActionMask = 2147483647;
			files = (
			);
			runOnlyForDeploymentPostprocessing = 0;
		};
		3C896B472B24520C003C2171 /* Frameworks */ = {
			isa = PBXFrameworksBuildPhase;
			buildActionMask = 2147483647;
			files = (
			);
			runOnlyForDeploymentPostprocessing = 0;
		};
/* End PBXFrameworksBuildPhase section */

/* Begin PBXGroup section */
		3C896B262B24520A003C2171 = {
			isa = PBXGroup;
			children = (
				3C896B312B24520A003C2171 /* SwfitUIMultiPlatform */,
				3C896B432B24520C003C2171 /* SwfitUIMultiPlatformTests */,
				3C896B4D2B24520C003C2171 /* SwfitUIMultiPlatformUITests */,
				3C896B302B24520A003C2171 /* Products */,
			);
			sourceTree = "<group>";
		};
		3C896B302B24520A003C2171 /* Products */ = {
			isa = PBXGroup;
			children = (
				3C896B2F2B24520A003C2171 /* SwfitUIMultiPlatform.app */,
				3C896B402B24520C003C2171 /* SwfitUIMultiPlatformTests.xctest */,
				3C896B4A2B24520C003C2171 /* SwfitUIMultiPlatformUITests.xctest */,
			);
			name = Products;
			sourceTree = "<group>";
		};
		3C896B312B24520A003C2171 /* SwfitUIMultiPlatform */ = {
			isa = PBXGroup;
			children = (
				3C896B322B24520A003C2171 /* SwfitUIMultiPlatformApp.swift */,
				3C896B342B24520A003C2171 /* ContentView.swift */,
				3C896B362B24520C003C2171 /* Assets.xcassets */,
				3C896B382B24520C003C2171 /* SwfitUIMultiPlatform.entitlements */,
				3C896B392B24520C003C2171 /* Preview Content */,
			);
			path = SwfitUIMultiPlatform;
			sourceTree = "<group>";
		};
		3C896B392B24520C003C2171 /* Preview Content */ = {
			isa = PBXGroup;
			children = (
				3C896B3A2B24520C003C2171 /* Preview Assets.xcassets */,
			);
			path = "Preview Content";
			sourceTree = "<group>";
		};
		3C896B432B24520C003C2171 /* SwfitUIMultiPlatformTests */ = {
			isa = PBXGroup;
			children = (
				3C896B442B24520C003C2171 /* SwfitUIMultiPlatformTests.swift */,
			);
			path = SwfitUIMultiPlatformTests;
			sourceTree = "<group>";
		};
		3C896B4D2B24520C003C2171 /* SwfitUIMultiPlatformUITests */ = {
			isa = PBXGroup;
			children = (
				3C896B4E2B24520C003C2171 /* SwfitUIMultiPlatformUITests.swift */,
				3C896B502B24520C003C2171 /* SwfitUIMultiPlatformUITestsLaunchTests.swift */,
			);
			path = SwfitUIMultiPlatformUITests;
			sourceTree = "<group>";
		};
/* End PBXGroup section */

/* Begin PBXNativeTarget section */
		3C896B2E2B24520A003C2171 /* SwfitUIMultiPlatform */ = {
			isa = PBXNativeTarget;
			buildConfigurationList = 3C896B542B24520C003C2171 /* Build configuration list for PBXNativeTarget "SwfitUIMultiPlatform" */;
			buildPhases = (
				3C896B2B2B24520A003C2171 /* Sources */,
				3C896B2C2B24520A003C2171 /* Frameworks */,
				3C896B2D2B24520A003C2171 /* Resources */,
			);
			buildRules = (
			);
			dependencies = (
			);
			name = SwfitUIMultiPlatform;
			productName = SwfitUIMultiPlatform;
			productReference = 3C896B2F2B24520A003C2171 /* SwfitUIMultiPlatform.app */;
			productType = "com.apple.product-type.application";
		};
		3C896B3F2B24520C003C2171 /* SwfitUIMultiPlatformTests */ = {
			isa = PBXNativeTarget;
			buildConfigurationList = 3C896B572B24520C003C2171 /* Build configuration list for PBXNativeTarget "SwfitUIMultiPlatformTests" */;
			buildPhases = (
				3C896B3C2B24520C003C2171 /* Sources */,
				3C896B3D2B24520C003C2171 /* Frameworks */,
				3C896B3E2B24520C003C2171 /* Resources */,
			);
			buildRules = (
			);
			dependencies = (
				3C896B422B24520C003C2171 /* PBXTargetDependency */,
			);
			name = SwfitUIMultiPlatformTests;
			productName = SwfitUIMultiPlatformTests;
			productReference = 3C896B402B24520C003C2171 /* SwfitUIMultiPlatformTests.xctest */;
			productType = "com.apple.product-type.bundle.unit-test";
		};
		3C896B492B24520C003C2171 /* SwfitUIMultiPlatformUITests */ = {
			isa = PBXNativeTarget;
			buildConfigurationList = 3C896B5A2B24520C003C2171 /* Build configuration list for PBXNativeTarget "SwfitUIMultiPlatformUITests" */;
			buildPhases = (
				3C896B462B24520C003C2171 /* Sources */,
				3C896B472B24520C003C2171 /* Frameworks */,
				3C896B482B24520C003C2171 /* Resources */,
			);
			buildRules = (
			);
			dependencies = (
				3C896B4C2B24520C003C2171 /* PBXTargetDependency */,
			);
			name = SwfitUIMultiPlatformUITests;
			productName = SwfitUIMultiPlatformUITests;
			productReference = 3C896B4A2B24520C003C2171 /* SwfitUIMultiPlatformUITests.xctest */;
			productType = "com.apple.product-type.bundle.ui-testing";
		};
/* End PBXNativeTarget section */

/* Begin PBXProject section */
		3C896B272B24520A003C2171 /* Project object */ = {
			isa = PBXProject;
			attributes = {
				BuildIndependentTargetsInParallel = 1;
				LastSwiftUpdateCheck = 1500;
				LastUpgradeCheck = 1500;
				TargetAttributes = {
					3C896B2E2B24520A003C2171 = {
						CreatedOnToolsVersion = 15.0.1;
					};
					3C896B3F2B24520C003C2171 = {
						CreatedOnToolsVersion = 15.0.1;
						TestTargetID = 3C896B2E2B24520A003C2171;
					};
					3C896B492B24520C003C2171 = {
						CreatedOnToolsVersion = 15.0.1;
						TestTargetID = 3C896B2E2B24520A003C2171;
					};
				};
			};
			buildConfigurationList = 3C896B2A2B24520A003C2171 /* Build configuration list for PBXProject "SwfitUIMultiPlatform" */;
			compatibilityVersion = "Xcode 14.0";
			developmentRegion = en;
			hasScannedForEncodings = 0;
			knownRegions = (
				en,
				Base,
			);
			mainGroup = 3C896B262B24520A003C2171;
			productRefGroup = 3C896B302B24520A003C2171 /* Products */;
			projectDirPath = "";
			projectRoot = "";
			targets = (
				3C896B2E2B24520A003C2171 /* SwfitUIMultiPlatform */,
				3C896B3F2B24520C003C2171 /* SwfitUIMultiPlatformTests */,
				3C896B492B24520C003C2171 /* SwfitUIMultiPlatformUITests */,
			);
		};
/* End PBXProject section */

/* Begin PBXResourcesBuildPhase section */
		3C896B2D2B24520A003C2171 /* Resources */ = {
			isa = PBXResourcesBuildPhase;
			buildActionMask = 2147483647;
			files = (
				3C896B3B2B24520C003C2171 /* Preview Assets.xcassets in Resources */,
				3C896B372B24520C003C2171 /* Assets.xcassets in Resources */,
			);
			runOnlyForDeploymentPostprocessing = 0;
		};
		3C896B3E2B24520C003C2171 /* Resources */ = {
			isa = PBXResourcesBuildPhase;
			buildActionMask = 2147483647;
			files = (
			);
			runOnlyForDeploymentPostprocessing = 0;
		};
		3C896B482B24520C003C2171 /* Resources */ = {
			isa = PBXResourcesBuildPhase;
			buildActionMask = 2147483647;
			files = (
			);
			runOnlyForDeploymentPostprocessing = 0;
		};
/* End PBXResourcesBuildPhase section */

/* Begin PBXSourcesBuildPhase section */
		3C896B2B2B24520A003C2171 /* Sources */ = {
			isa = PBXSourcesBuildPhase;
			buildActionMask = 2147483647;
			files = (
				3C896B352B24520A003C2171 /* ContentView.swift in Sources */,
				3C896B332B24520A003C2171 /* SwfitUIMultiPlatformApp.swift in Sources */,
			);
			runOnlyForDeploymentPostprocessing = 0;
		};
		3C896B3C2B24520C003C2171 /* Sources */ = {
			isa = PBXSourcesBuildPhase;
			buildActionMask = 2147483647;
			files = (
				3C896B452B24520C003C2171 /* SwfitUIMultiPlatformTests.swift in Sources */,
			);
			runOnlyForDeploymentPostprocessing = 0;
		};
		3C896B462B24520C003C2171 /* Sources */ = {
			isa = PBXSourcesBuildPhase;
			buildActionMask = 2147483647;
			files = (
				3C896B4F2B24520C003C2171 /* SwfitUIMultiPlatformUITests.swift in Sources */,
				3C896B512B24520C003C2171 /* SwfitUIMultiPlatformUITestsLaunchTests.swift in Sources */,
			);
			runOnlyForDeploymentPostprocessing = 0;
		};
/* End PBXSourcesBuildPhase section */

/* Begin PBXTargetDependency section */
		3C896B422B24520C003C2171 /* PBXTargetDependency */ = {
			isa = PBXTargetDependency;
			target = 3C896B2E2B24520A003C2171 /* SwfitUIMultiPlatform */;
			targetProxy = 3C896B412B24520C003C2171 /* PBXContainerItemProxy */;
		};
		3C896B4C2B24520C003C2171 /* PBXTargetDependency */ = {
			isa = PBXTargetDependency;
			target = 3C896B2E2B24520A003C2171 /* SwfitUIMultiPlatform */;
			targetProxy = 3C896B4B2B24520C003C2171 /* PBXContainerItemProxy */;
		};
/* End PBXTargetDependency section */

/* Begin XCBuildConfiguration section */
		3C896B522B24520C003C2171 /* Debug */ = {
			isa = XCBuildConfiguration;
			buildSettings = {
				ALWAYS_SEARCH_USER_PATHS = NO;
				ASSETCATALOG_COMPILER_GENERATE_SWIFT_ASSET_SYMBOL_EXTENSIONS = YES;
				CLANG_ANALYZER_NONNULL = YES;
				CLANG_ANALYZER_NUMBER_OBJECT_CONVERSION = YES_AGGRESSIVE;
				CLANG_CXX_LANGUAGE_STANDARD = "gnu++20";
				CLANG_ENABLE_MODULES = YES;
				CLANG_ENABLE_OBJC_ARC = YES;
				CLANG_ENABLE_OBJC_WEAK = YES;
				CLANG_WARN_BLOCK_CAPTURE_AUTORELEASING = YES;
				CLANG_WARN_BOOL_CONVERSION = YES;
				CLANG_WARN_COMMA = YES;
				CLANG_WARN_CONSTANT_CONVERSION = YES;
				CLANG_WARN_DEPRECATED_OBJC_IMPLEMENTATIONS = YES;
				CLANG_WARN_DIRECT_OBJC_ISA_USAGE = YES_ERROR;
				CLANG_WARN_DOCUMENTATION_COMMENTS = YES;
				CLANG_WARN_EMPTY_BODY = YES;
				CLANG_WARN_ENUM_CONVERSION = YES;
				CLANG_WARN_INFINITE_RECURSION = YES;
				CLANG_WARN_INT_CONVERSION = YES;
				CLANG_WARN_NON_LITERAL_NULL_CONVERSION = YES;
				CLANG_WARN_OBJC_IMPLICIT_RETAIN_SELF = YES;
				CLANG_WARN_OBJC_LITERAL_CONVERSION = YES;
				CLANG_WARN_OBJC_ROOT_CLASS = YES_ERROR;
				CLANG_WARN_QUOTED_INCLUDE_IN_FRAMEWORK_HEADER = YES;
				CLANG_WARN_RANGE_LOOP_ANALYSIS = YES;
				CLANG_WARN_STRICT_PROTOTYPES = YES;
				CLANG_WARN_SUSPICIOUS_MOVE = YES;
				CLANG_WARN_UNGUARDED_AVAILABILITY = YES_AGGRESSIVE;
				CLANG_WARN_UNREACHABLE_CODE = YES;
				CLANG_WARN__DUPLICATE_METHOD_MATCH = YES;
				COPY_PHASE_STRIP = NO;
				DEBUG_INFORMATION_FORMAT = dwarf;
				ENABLE_STRICT_OBJC_MSGSEND = YES;
				ENABLE_TESTABILITY = YES;
				ENABLE_USER_SCRIPT_SANDBOXING = YES;
				GCC_C_LANGUAGE_STANDARD = gnu17;
				GCC_DYNAMIC_NO_PIC = NO;
				GCC_NO_COMMON_BLOCKS = YES;
				GCC_OPTIMIZATION_LEVEL = 0;
				GCC_PREPROCESSOR_DEFINITIONS = (
					"DEBUG=1",
					"$(inherited)",
				);
				GCC_WARN_64_TO_32_BIT_CONVERSION = YES;
				GCC_WARN_ABOUT_RETURN_TYPE = YES_ERROR;
				GCC_WARN_UNDECLARED_SELECTOR = YES;
				GCC_WARN_UNINITIALIZED_AUTOS = YES_AGGRESSIVE;
				GCC_WARN_UNUSED_FUNCTION = YES;
				GCC_WARN_UNUSED_VARIABLE = YES;
				LOCALIZATION_PREFERS_STRING_CATALOGS = YES;
				MTL_ENABLE_DEBUG_INFO = INCLUDE_SOURCE;
				MTL_FAST_MATH = YES;
				ONLY_ACTIVE_ARCH = YES;
				SWIFT_ACTIVE_COMPILATION_CONDITIONS = "DEBUG $(inherited)";
				SWIFT_OPTIMIZATION_LEVEL = "-Onone";
			};
			name = Debug;
		};
		3C896B532B24520C003C2171 /* Release */ = {
			isa = XCBuildConfiguration;
			buildSettings = {
				ALWAYS_SEARCH_USER_PATHS = NO;
				ASSETCATALOG_COMPILER_GENERATE_SWIFT_ASSET_SYMBOL_EXTENSIONS = YES;
				CLANG_ANALYZER_NONNULL = YES;
				CLANG_ANALYZER_NUMBER_OBJECT_CONVERSION = YES_AGGRESSIVE;
				CLANG_CXX_LANGUAGE_STANDARD = "gnu++20";
				CLANG_ENABLE_MODULES = YES;
				CLANG_ENABLE_OBJC_ARC = YES;
				CLANG_ENABLE_OBJC_WEAK = YES;
				CLANG_WARN_BLOCK_CAPTURE_AUTORELEASING = YES;
				CLANG_WARN_BOOL_CONVERSION = YES;
				CLANG_WARN_COMMA = YES;
				CLANG_WARN_CONSTANT_CONVERSION = YES;
				CLANG_WARN_DEPRECATED_OBJC_IMPLEMENTATIONS = YES;
				CLANG_WARN_DIRECT_OBJC_ISA_USAGE = YES_ERROR;
				CLANG_WARN_DOCUMENTATION_COMMENTS = YES;
				CLANG_WARN_EMPTY_BODY = YES;
				CLANG_WARN_ENUM_CONVERSION = YES;
				CLANG_WARN_INFINITE_RECURSION = YES;
				CLANG_WARN_INT_CONVERSION = YES;
				CLANG_WARN_NON_LITERAL_NULL_CONVERSION = YES;
				CLANG_WARN_OBJC_IMPLICIT_RETAIN_SELF = YES;
				CLANG_WARN_OBJC_LITERAL_CONVERSION = YES;
				CLANG_WARN_OBJC_ROOT_CLASS = YES_ERROR;
				CLANG_WARN_QUOTED_INCLUDE_IN_FRAMEWORK_HEADER = YES;
				CLANG_WARN_RANGE_LOOP_ANALYSIS = YES;
				CLANG_WARN_STRICT_PROTOTYPES = YES;
				CLANG_WARN_SUSPICIOUS_MOVE = YES;
				CLANG_WARN_UNGUARDED_AVAILABILITY = YES_AGGRESSIVE;
				CLANG_WARN_UNREACHABLE_CODE = YES;
				CLANG_WARN__DUPLICATE_METHOD_MATCH = YES;
				COPY_PHASE_STRIP = NO;
				DEBUG_INFORMATION_FORMAT = "dwarf-with-dsym";
				ENABLE_NS_ASSERTIONS = NO;
				ENABLE_STRICT_OBJC_MSGSEND = YES;
				ENABLE_USER_SCRIPT_SANDBOXING = YES;
				GCC_C_LANGUAGE_STANDARD = gnu17;
				GCC_NO_COMMON_BLOCKS = YES;
				GCC_WARN_64_TO_32_BIT_CONVERSION = YES;
				GCC_WARN_ABOUT_RETURN_TYPE = YES_ERROR;
				GCC_WARN_UNDECLARED_SELECTOR = YES;
				GCC_WARN_UNINITIALIZED_AUTOS = YES_AGGRESSIVE;
				GCC_WARN_UNUSED_FUNCTION = YES;
				GCC_WARN_UNUSED_VARIABLE = YES;
				LOCALIZATION_PREFERS_STRING_CATALOGS = YES;
				MTL_ENABLE_DEBUG_INFO = NO;
				MTL_FAST_MATH = YES;
				SWIFT_COMPILATION_MODE = wholemodule;
			};
			name = Release;
		};
		3C896B552B24520C003C2171 /* Debug */ = {
			isa = XCBuildConfiguration;
			buildSettings = {
				ASSETCATALOG_COMPILER_APPICON_NAME = AppIcon;
				ASSETCATALOG_COMPILER_GLOBAL_ACCENT_COLOR_NAME = AccentColor;
				CODE_SIGN_ENTITLEMENTS = SwfitUIMultiPlatform/SwfitUIMultiPlatform.entitlements;
				CODE_SIGN_STYLE = Automatic;
				CURRENT_PROJECT_VERSION = 1;
				DEVELOPMENT_ASSET_PATHS = "\"SwfitUIMultiPlatform/Preview Content\"";
				ENABLE_PREVIEWS = YES;
				GENERATE_INFOPLIST_FILE = YES;
				"INFOPLIST_KEY_UIApplicationSceneManifest_Generation[sdk=iphoneos*]" = YES;
				"INFOPLIST_KEY_UIApplicationSceneManifest_Generation[sdk=iphonesimulator*]" = YES;
				"INFOPLIST_KEY_UIApplicationSupportsIndirectInputEvents[sdk=iphoneos*]" = YES;
				"INFOPLIST_KEY_UIApplicationSupportsIndirectInputEvents[sdk=iphonesimulator*]" = YES;
				"INFOPLIST_KEY_UILaunchScreen_Generation[sdk=iphoneos*]" = YES;
				"INFOPLIST_KEY_UILaunchScreen_Generation[sdk=iphonesimulator*]" = YES;
				"INFOPLIST_KEY_UIStatusBarStyle[sdk=iphoneos*]" = UIStatusBarStyleDefault;
				"INFOPLIST_KEY_UIStatusBarStyle[sdk=iphonesimulator*]" = UIStatusBarStyleDefault;
				INFOPLIST_KEY_UISupportedInterfaceOrientations_iPad = "UIInterfaceOrientationPortrait UIInterfaceOrientationPortraitUpsideDown UIInterfaceOrientationLandscapeLeft UIInterfaceOrientationLandscapeRight";
				INFOPLIST_KEY_UISupportedInterfaceOrientations_iPhone = "UIInterfaceOrientationPortrait UIInterfaceOrientationLandscapeLeft UIInterfaceOrientationLandscapeRight";
				IPHONEOS_DEPLOYMENT_TARGET = 17.0;
				LD_RUNPATH_SEARCH_PATHS = "@executable_path/Frameworks";
				"LD_RUNPATH_SEARCH_PATHS[sdk=macosx*]" = "@executable_path/../Frameworks";
				MACOSX_DEPLOYMENT_TARGET = 14.0;
				MARKETING_VERSION = 1.0;
				PRODUCT_BUNDLE_IDENTIFIER = com.kane.SwfitUIMultiPlatform;
				PRODUCT_NAME = "$(TARGET_NAME)";
				SDKROOT = auto;
				SUPPORTED_PLATFORMS = "iphoneos iphonesimulator macosx";
				SWIFT_EMIT_LOC_STRINGS = YES;
				SWIFT_VERSION = 5.0;
				TARGETED_DEVICE_FAMILY = "1,2";
			};
			name = Debug;
		};
		3C896B562B24520C003C2171 /* Release */ = {
			isa = XCBuildConfiguration;
			buildSettings = {
				ASSETCATALOG_COMPILER_APPICON_NAME = AppIcon;
				ASSETCATALOG_COMPILER_GLOBAL_ACCENT_COLOR_NAME = AccentColor;
				CODE_SIGN_ENTITLEMENTS = SwfitUIMultiPlatform/SwfitUIMultiPlatform.entitlements;
				CODE_SIGN_STYLE = Automatic;
				CURRENT_PROJECT_VERSION = 1;
				DEVELOPMENT_ASSET_PATHS = "\"SwfitUIMultiPlatform/Preview Content\"";
				ENABLE_PREVIEWS = YES;
				GENERATE_INFOPLIST_FILE = YES;
				"INFOPLIST_KEY_UIApplicationSceneManifest_Generation[sdk=iphoneos*]" = YES;
				"INFOPLIST_KEY_UIApplicationSceneManifest_Generation[sdk=iphonesimulator*]" = YES;
				"INFOPLIST_KEY_UIApplicationSupportsIndirectInputEvents[sdk=iphoneos*]" = YES;
				"INFOPLIST_KEY_UIApplicationSupportsIndirectInputEvents[sdk=iphonesimulator*]" = YES;
				"INFOPLIST_KEY_UILaunchScreen_Generation[sdk=iphoneos*]" = YES;
				"INFOPLIST_KEY_UILaunchScreen_Generation[sdk=iphonesimulator*]" = YES;
				"INFOPLIST_KEY_UIStatusBarStyle[sdk=iphoneos*]" = UIStatusBarStyleDefault;
				"INFOPLIST_KEY_UIStatusBarStyle[sdk=iphonesimulator*]" = UIStatusBarStyleDefault;
				INFOPLIST_KEY_UISupportedInterfaceOrientations_iPad = "UIInterfaceOrientationPortrait UIInterfaceOrientationPortraitUpsideDown UIInterfaceOrientationLandscapeLeft UIInterfaceOrientationLandscapeRight";
				INFOPLIST_KEY_UISupportedInterfaceOrientations_iPhone = "UIInterfaceOrientationPortrait UIInterfaceOrientationLandscapeLeft UIInterfaceOrientationLandscapeRight";
				IPHONEOS_DEPLOYMENT_TARGET = 17.0;
				LD_RUNPATH_SEARCH_PATHS = "@executable_path/Frameworks";
				"LD_RUNPATH_SEARCH_PATHS[sdk=macosx*]" = "@executable_path/../Frameworks";
				MACOSX_DEPLOYMENT_TARGET = 14.0;
				MARKETING_VERSION = 1.0;
				PRODUCT_BUNDLE_IDENTIFIER = com.kane.SwfitUIMultiPlatform;
				PRODUCT_NAME = "$(TARGET_NAME)";
				SDKROOT = auto;
				SUPPORTED_PLATFORMS = "iphoneos iphonesimulator macosx";
				SWIFT_EMIT_LOC_STRINGS = YES;
				SWIFT_VERSION = 5.0;
				TARGETED_DEVICE_FAMILY = "1,2";
			};
			name = Release;
		};
		3C896B582B24520C003C2171 /* Debug */ = {
			isa = XCBuildConfiguration;
			buildSettings = {
				ALWAYS_EMBED_SWIFT_STANDARD_LIBRARIES = YES;
				BUNDLE_LOADER = "$(TEST_HOST)";
				CODE_SIGN_STYLE = Automatic;
				CURRENT_PROJECT_VERSION = 1;
				GENERATE_INFOPLIST_FILE = YES;
				IPHONEOS_DEPLOYMENT_TARGET = 17.0;
				MACOSX_DEPLOYMENT_TARGET = 14.0;
				MARKETING_VERSION = 1.0;
				PRODUCT_BUNDLE_IDENTIFIER = com.kane.SwfitUIMultiPlatformTests;
				PRODUCT_NAME = "$(TARGET_NAME)";
				SDKROOT = auto;
				SUPPORTED_PLATFORMS = "iphoneos iphonesimulator macosx";
				SWIFT_EMIT_LOC_STRINGS = NO;
				SWIFT_VERSION = 5.0;
				TARGETED_DEVICE_FAMILY = "1,2";
				TEST_HOST = "$(BUILT_PRODUCTS_DIR)/SwfitUIMultiPlatform.app/$(BUNDLE_EXECUTABLE_FOLDER_PATH)/SwfitUIMultiPlatform";
			};
			name = Debug;
		};
		3C896B592B24520C003C2171 /* Release */ = {
			isa = XCBuildConfiguration;
			buildSettings = {
				ALWAYS_EMBED_SWIFT_STANDARD_LIBRARIES = YES;
				BUNDLE_LOADER = "$(TEST_HOST)";
				CODE_SIGN_STYLE = Automatic;
				CURRENT_PROJECT_VERSION = 1;
				GENERATE_INFOPLIST_FILE = YES;
				IPHONEOS_DEPLOYMENT_TARGET = 17.0;
				MACOSX_DEPLOYMENT_TARGET = 14.0;
				MARKETING_VERSION = 1.0;
				PRODUCT_BUNDLE_IDENTIFIER = com.kane.SwfitUIMultiPlatformTests;
				PRODUCT_NAME = "$(TARGET_NAME)";
				SDKROOT = auto;
				SUPPORTED_PLATFORMS = "iphoneos iphonesimulator macosx";
				SWIFT_EMIT_LOC_STRINGS = NO;
				SWIFT_VERSION = 5.0;
				TARGETED_DEVICE_FAMILY = "1,2";
				TEST_HOST = "$(BUILT_PRODUCTS_DIR)/SwfitUIMultiPlatform.app/$(BUNDLE_EXECUTABLE_FOLDER_PATH)/SwfitUIMultiPlatform";
			};
			name = Release;
		};
		3C896B5B2B24520C003C2171 /* Debug */ = {
			isa = XCBuildConfiguration;
			buildSettings = {
				ALWAYS_EMBED_SWIFT_STANDARD_LIBRARIES = YES;
				CODE_SIGN_STYLE = Automatic;
				CURRENT_PROJECT_VERSION = 1;
				GENERATE_INFOPLIST_FILE = YES;
				IPHONEOS_DEPLOYMENT_TARGET = 17.0;
				MACOSX_DEPLOYMENT_TARGET = 14.0;
				MARKETING_VERSION = 1.0;
				PRODUCT_BUNDLE_IDENTIFIER = com.kane.SwfitUIMultiPlatformUITests;
				PRODUCT_NAME = "$(TARGET_NAME)";
				SDKROOT = auto;
				SUPPORTED_PLATFORMS = "iphoneos iphonesimulator macosx";
				SWIFT_EMIT_LOC_STRINGS = NO;
				SWIFT_VERSION = 5.0;
				TARGETED_DEVICE_FAMILY = "1,2";
				TEST_TARGET_NAME = SwfitUIMultiPlatform;
			};
			name = Debug;
		};
		3C896B5C2B24520C003C2171 /* Release */ = {
			isa = XCBuildConfiguration;
			buildSettings = {
				ALWAYS_EMBED_SWIFT_STANDARD_LIBRARIES = YES;
				CODE_SIGN_STYLE = Automatic;
				CURRENT_PROJECT_VERSION = 1;
				GENERATE_INFOPLIST_FILE = YES;
				IPHONEOS_DEPLOYMENT_TARGET = 17.0;
				MACOSX_DEPLOYMENT_TARGET = 14.0;
				MARKETING_VERSION = 1.0;
				PRODUCT_BUNDLE_IDENTIFIER = com.kane.SwfitUIMultiPlatformUITests;
				PRODUCT_NAME = "$(TARGET_NAME)";
				SDKROOT = auto;
				SUPPORTED_PLATFORMS = "iphoneos iphonesimulator macosx";
				SWIFT_EMIT_LOC_STRINGS = NO;
				SWIFT_VERSION = 5.0;
				TARGETED_DEVICE_FAMILY = "1,2";
				TEST_TARGET_NAME = SwfitUIMultiPlatform;
			};
			name = Release;
		};
/* End XCBuildConfiguration section */

/* Begin XCConfigurationList section */
		3C896B2A2B24520A003C2171 /* Build configuration list for PBXProject "SwfitUIMultiPlatform" */ = {
			isa = XCConfigurationList;
			buildConfigurations = (
				3C896B522B24520C003C2171 /* Debug */,
				3C896B532B24520C003C2171 /* Release */,
			);
			defaultConfigurationIsVisible = 0;
			defaultConfigurationName = Release;
		};
		3C896B542B24520C003C2171 /* Build configuration list for PBXNativeTarget "SwfitUIMultiPlatform" */ = {
			isa = XCConfigurationList;
			buildConfigurations = (
				3C896B552B24520C003C2171 /* Debug */,
				3C896B562B24520C003C2171 /* Release */,
			);
			defaultConfigurationIsVisible = 0;
			defaultConfigurationName = Release;
		};
		3C896B572B24520C003C2171 /* Build configuration list for PBXNativeTarget "SwfitUIMultiPlatformTests" */ = {
			isa = XCConfigurationList;
			buildConfigurations = (
				3C896B582B24520C003C2171 /* Debug */,
				3C896B592B24520C003C2171 /* Release */,
			);
			defaultConfigurationIsVisible = 0;
			defaultConfigurationName = Release;
		};
		3C896B5A2B24520C003C2171 /* Build configuration list for PBXNativeTarget "SwfitUIMultiPlatformUITests" */ = {
			isa = XCConfigurationList;
			buildConfigurations = (
				3C896B5B2B24520C003C2171 /* Debug */,
				3C896B5C2B24520C003C2171 /* Release */,
			);
			defaultConfigurationIsVisible = 0;
			defaultConfigurationName = Release;
		};
/* End XCConfigurationList section */
	};
	rootObject = 3C896B272B24520A003C2171 /* Project object */;
}
